
Microsoft Visual Studio Solution File, Format Version 12.00
# Visual Studio Version 17
VisualStudioVersion = 17.10.35027.167
MinimumVisualStudioVersion = 10.0.40219.1
Project("{FAE04EC0-301F-11D3-BF4B-00C04F79EFBC}") = "UpdateBuilder", "UpdateBuilder.csproj", "{99CB53F9-E3BA-44A3-A0F1-04AC3854A11A}"
EndProject
Global
	GlobalSection(SolutionConfigurationPlatforms) = preSolution
		Debug|Any CPU = Debug|Any CPU
		Release|Any CPU = Release|Any CPU
	EndGlobalSection
	GlobalSection(ProjectConfigurationPlatforms) = postSolution
		{99CB53F9-E3BA-44A3-A0F1-04AC3854A11A}.Debug|Any CPU.ActiveCfg = Debug|Any CPU
		{99CB53F9-E3BA-44A3-A0F1-04AC3854A11A}.Debug|Any CPU.Build.0 = Debug|Any CPU
		{99CB53F9-E3BA-44A3-A0F1-04AC3854A11A}.Release|Any CPU.ActiveCfg = Release|Any CPU
		{99CB53F9-E3BA-44A3-A0F1-04AC3854A11A}.Release|Any CPU.Build.0 = Release|Any CPU
	EndGlobalSection
	GlobalSection(SolutionProperties) = preSolution
		HideSolutionNode = FALSE
	EndGlobalSection
	GlobalSection(ExtensibilityGlobals) = postSolution
		SolutionGuid = {74F88E3C-2872-4BAF-A076-13144A467401}
	EndGlobalSection
EndGlobal
